<?xml version="1.0" encoding="utf-8"?>
<Project ToolsVersion="4.0" xmlns="http://schemas.microsoft.com/developer/msbuild/2003">
  <ItemGroup>
    <Filter Include="Source Files">
      <UniqueIdentifier>{4FC737F1-C7A5-4376-A066-2A32D752A2FF}</UniqueIdentifier>
      <Extensions>cpp;c;cc;cxx;def;odl;idl;hpj;bat;asm;asmx</Extensions>
    </Filter>
    <Filter Include="Header Files">
      <UniqueIdentifier>{93995380-89BD-4b04-88EB-625FBE52EBFB}</UniqueIdentifier>
      <Extensions>h;hpp;hxx;hm;inl;inc;xsd</Extensions>
    </Filter>
    <Filter Include="Resource Files">
      <UniqueIdentifier>{67DA6AB6-F800-4c08-8B7A-83BB121AAD01}</UniqueIdentifier>
      <Extensions>rc;ico;cur;bmp;dlg;rc2;rct;bin;rgs;gif;jpg;jpeg;jpe;resx;tiff;tif;png;wav;mfcribbon-ms</Extensions>
    </Filter>
    <Filter Include="Header Files\GUI">
      <UniqueIdentifier>{c345490b-3cf4-4e09-af2d-3bb04d64c1be}</UniqueIdentifier>
    </Filter>
    <Filter Include="Source Files\GUI">
      <UniqueIdentifier>{8f1aa7da-fb45-4da3-9998-f773165a30dd}</UniqueIdentifier>
    </Filter>
    <Filter Include="Header Files\Windows Only">
      <UniqueIdentifier>{34d068e5-8d84-471d-a750-b19400f4a582}</UniqueIdentifier>
    </Filter>
    <Filter Include="Header Files\Linux Only">
      <UniqueIdentifier>{83a15645-1530-4ca0-9e0b-82eba2c53382}</UniqueIdentifier>
    </Filter>
    <Filter Include="Source Files\Linux Only">
      <UniqueIdentifier>{ac0ffaa8-e183-4a70-83e5-aa15be17b40e}</UniqueIdentifier>
    </Filter>
    <Filter Include="Source Files\Windows Only">
      <UniqueIdentifier>{6e5dafc6-50d1-42d0-a61b-641e7d53e6eb}</UniqueIdentifier>
    </Filter>
  </ItemGroup>
  <ItemGroup>
    <ClCompile Include="AMenu.cpp">
      <Filter>Source Files\GUI</Filter>
    </ClCompile>
    <ClCompile Include="LoginMenu.cpp">
      <Filter>Source Files\GUI</Filter>
    </ClCompile>
    <ClCompile Include="BaseMenu.cpp">
      <Filter>Source Files\GUI</Filter>
    </ClCompile>
    <ClCompile Include="Gui.cpp">
      <Filter>Source Files\GUI</Filter>
    </ClCompile>
    <ClCompile Include="HudTextField.cpp">
      <Filter>Source Files\GUI</Filter>
    </ClCompile>
    <ClCompile Include="HudWindow.cpp">
      <Filter>Source Files\GUI</Filter>
    </ClCompile>
    <ClCompile Include="OLDmain.cpp">
      <Filter>Source Files\GUI</Filter>
    </ClCompile>
    <ClCompile Include="Client.cpp">
      <Filter>Source Files</Filter>
    </ClCompile>
    <ClCompile Include="CommandHandler.cpp">
      <Filter>Source Files</Filter>
    </ClCompile>
    <ClCompile Include="Message.cpp">
      <Filter>Source Files</Filter>
    </ClCompile>
    <ClCompile Include="Room.cpp">
      <Filter>Source Files</Filter>
    </ClCompile>
    <ClCompile Include="CircularBuff.cpp">
      <Filter>Source Files</Filter>
    </ClCompile>
    <ClCompile Include="main.cpp">
      <Filter>Source Files</Filter>
    </ClCompile>
    <ClCompile Include="Selector.cpp">
      <Filter>Source Files</Filter>
    </ClCompile>
    <ClCompile Include="TCPWinSocket.cpp">
      <Filter>Source Files\Windows Only</Filter>
    </ClCompile>
    <ClCompile Include="TCPLinSocket.cpp">
      <Filter>Source Files\Linux Only</Filter>
    </ClCompile>
    <ClCompile Include="CreateRoomMenu.cpp">
      <Filter>Source Files\GUI</Filter>
    </ClCompile>
    <ClCompile Include="JoinRoomMenu.cpp">
      <Filter>Source Files\GUI</Filter>
    </ClCompile>
    <ClCompile Include="RoomFirstMenu.cpp">
      <Filter>Source Files\GUI</Filter>
    </ClCompile>
    <ClCompile Include="InRoomMenu.cpp">
      <Filter>Source Files\GUI</Filter>
    </ClCompile>
    <ClCompile Include="UDPWinSocket.cpp">
      <Filter>Source Files\Windows Only</Filter>
    </ClCompile>
    <ClCompile Include="UDPLinSocket.cpp">
      <Filter>Source Files\Linux Only</Filter>
    </ClCompile>
    <ClCompile Include="AMovingObject.cpp">
      <Filter>Source Files\GUI</Filter>
    </ClCompile>
    <ClCompile Include="HeroObject.cpp">
      <Filter>Source Files\GUI</Filter>
    </ClCompile>
    <ClCompile Include="ScrollingBg.cpp">
      <Filter>Source Files\GUI</Filter>
    </ClCompile>
    <ClCompile Include="AllyObject.cpp">
      <Filter>Source Files\GUI</Filter>
    </ClCompile>
    <ClCompile Include="MonstersObject.cpp">
      <Filter>Source Files\GUI</Filter>
    </ClCompile>
  </ItemGroup>
  <ItemGroup>
    <ClInclude Include="AMenu.hpp">
      <Filter>Header Files\GUI</Filter>
    </ClInclude>
    <ClInclude Include="BaseMenu.hpp">
      <Filter>Header Files\GUI</Filter>
    </ClInclude>
    <ClInclude Include="Gui.hpp">
      <Filter>Header Files\GUI</Filter>
    </ClInclude>
    <ClInclude Include="HudTextField.hpp">
      <Filter>Header Files\GUI</Filter>
    </ClInclude>
    <ClInclude Include="HudWindow.hpp">
      <Filter>Header Files\GUI</Filter>
    </ClInclude>
    <ClInclude Include="LoginMenu.hpp">
      <Filter>Header Files\GUI</Filter>
    </ClInclude>
    <ClInclude Include="resource.h">
      <Filter>Header Files\GUI</Filter>
    </ClInclude>
    <ClInclude Include="Client.h">
      <Filter>Header Files</Filter>
    </ClInclude>
    <ClInclude Include="CommandHandler.h">
      <Filter>Header Files</Filter>
    </ClInclude>
    <ClInclude Include="Commands.h">
      <Filter>Header Files</Filter>
    </ClInclude>
    <ClInclude Include="Message.h">
      <Filter>Header Files</Filter>
    </ClInclude>
    <ClInclude Include="Room.h">
      <Filter>Header Files</Filter>
    </ClInclude>
    <ClInclude Include="CircularBuff.h">
      <Filter>Header Files</Filter>
    </ClInclude>
    <ClInclude Include="ITCPSocket.h">
      <Filter>Header Files</Filter>
    </ClInclude>
    <ClInclude Include="Selector.h">
      <Filter>Header Files</Filter>
    </ClInclude>
    <ClInclude Include="TCPWinSocket.h">
      <Filter>Header Files\Windows Only</Filter>
    </ClInclude>
    <ClInclude Include="CreateRoomMenu.hpp">
      <Filter>Header Files\GUI</Filter>
    </ClInclude>
    <ClInclude Include="JoinRoomMenu.hpp">
      <Filter>Header Files\GUI</Filter>
    </ClInclude>
    <ClInclude Include="RoomFirstMenu.hpp">
      <Filter>Header Files\GUI</Filter>
    </ClInclude>
    <ClInclude Include="InRoomMenu.hpp">
      <Filter>Header Files\GUI</Filter>
    </ClInclude>
    <ClInclude Include="IUDPSocket.h">
      <Filter>Header Files</Filter>
    </ClInclude>
    <ClInclude Include="UDPWinSocket.h">
      <Filter>Header Files\Windows Only</Filter>
    </ClInclude>
    <ClInclude Include="UDPLinSocket.h">
      <Filter>Header Files\Linux Only</Filter>
    </ClInclude>
    <ClInclude Include="TCPLinSocket.h">
      <Filter>Header Files\Linux Only</Filter>
    </ClInclude>
    <ClInclude Include="ClientMessage.h">
      <Filter>Header Files</Filter>
    </ClInclude>
    <ClInclude Include="ServerMessage.h">
      <Filter>Header Files</Filter>
    </ClInclude>
    <ClInclude Include="HeroObject.hpp">
      <Filter>Header Files\GUI</Filter>
    </ClInclude>
    <ClInclude Include="IGameObject.hpp">
      <Filter>Header Files\GUI</Filter>
    </ClInclude>
    <ClInclude Include="AMovingObject.hpp">
      <Filter>Header Files\GUI</Filter>
    </ClInclude>
    <ClInclude Include="ScrollingBg.hpp">
      <Filter>Header Files\GUI</Filter>
    </ClInclude>
    <ClInclude Include="AllyObject.hpp">
      <Filter>Header Files\GUI</Filter>
    </ClInclude>
    <ClInclude Include="MonstersObject.hpp">
      <Filter>Header Files\GUI</Filter>
    </ClInclude>
  </ItemGroup>
  <ItemGroup>
    <None Include="..\x64\Debug\Font.ttf">
      <Filter>Resource Files</Filter>
    </None>
  </ItemGroup>
</Project>